// !$*UTF8*$!
{
	archiveVersion = 1;
	classes = {
	};
	objectVersion = 46;
	objects = {

/* Begin PBXBuildFile section */
		2D23954118D2E42E008563EC /* CXAlertBackgroundWindow.m in Sources */ = {isa = PBXBuildFile; fileRef = 2D23953318D2E42E008563EC /* CXAlertBackgroundWindow.m */; };
		2D23954218D2E42E008563EC /* CXAlertButtonContainerView.m in Sources */ = {isa = PBXBuildFile; fileRef = 2D23953518D2E42E008563EC /* CXAlertButtonContainerView.m */; };
		2D23954318D2E42E008563EC /* CXAlertButtonItem.m in Sources */ = {isa = PBXBuildFile; fileRef = 2D23953718D2E42E008563EC /* CXAlertButtonItem.m */; };
		2D23954418D2E42E008563EC /* CXAlertView.m in Sources */ = {isa = PBXBuildFile; fileRef = 2D23953918D2E42E008563EC /* CXAlertView.m */; };
		2D23954518D2E42E008563EC /* CXAlertViewController.m in Sources */ = {isa = PBXBuildFile; fileRef = 2D23953B18D2E42E008563EC /* CXAlertViewController.m */; };
		2D23954618D2E42E008563EC /* LFDisplayBridge.m in Sources */ = {isa = PBXBuildFile; fileRef = 2D23953D18D2E42E008563EC /* LFDisplayBridge.m */; };
		2D23954718D2E42E008563EC /* LFGlassView.m in Sources */ = {isa = PBXBuildFile; fileRef = 2D23953F18D2E42E008563EC /* LFGlassView.m */; };
		2D23954918D2E77F008563EC /* peach.png in Resources */ = {isa = PBXBuildFile; fileRef = 2D23954818D2E77F008563EC /* peach.png */; };
		2D3A63B9192E7341009F79E8 /* URBMediaFocusViewController.m in Sources */ = {isa = PBXBuildFile; fileRef = 2D3A63B8192E7341009F79E8 /* URBMediaFocusViewController.m */; };
		2D3A63BC192E7361009F79E8 /* pics1ViewController.m in Sources */ = {isa = PBXBuildFile; fileRef = 2D3A63BB192E7361009F79E8 /* pics1ViewController.m */; };
		2D3A63BF192EC622009F79E8 /* homeViewController.m in Sources */ = {isa = PBXBuildFile; fileRef = 2D3A63BE192EC622009F79E8 /* homeViewController.m */; };
		2D3A63C1192F718F009F79E8 /* Message-icon-grey.png in Resources */ = {isa = PBXBuildFile; fileRef = 2D3A63C0192F718F009F79E8 /* Message-icon-grey.png */; };
		2D3A63C3192F7226009F79E8 /* Chat.png in Resources */ = {isa = PBXBuildFile; fileRef = 2D3A63C2192F7226009F79E8 /* Chat.png */; };
		2D3A63C7192F72EE009F79E8 /* instant_message.png in Resources */ = {isa = PBXBuildFile; fileRef = 2D3A63C6192F72EE009F79E8 /* instant_message.png */; };
		2D3A63C9192F7376009F79E8 /* headphone-8.png in Resources */ = {isa = PBXBuildFile; fileRef = 2D3A63C8192F7376009F79E8 /* headphone-8.png */; };
		2D3A63CB192F73FE009F79E8 /* home1.png in Resources */ = {isa = PBXBuildFile; fileRef = 2D3A63CA192F73FE009F79E8 /* home1.png */; };
		2D3A63CD192F742D009F79E8 /* home.png in Resources */ = {isa = PBXBuildFile; fileRef = 2D3A63CC192F742D009F79E8 /* home.png */; };
		2D3A63CF192F7483009F79E8 /* home_1-512.png in Resources */ = {isa = PBXBuildFile; fileRef = 2D3A63CE192F7483009F79E8 /* home_1-512.png */; };
		2D3A63DB193781ED009F79E8 /* FMDatabase.m in Sources */ = {isa = PBXBuildFile; fileRef = 2D3A63D2193781ED009F79E8 /* FMDatabase.m */; };
		2D3A63DC193781ED009F79E8 /* FMDatabaseAdditions.m in Sources */ = {isa = PBXBuildFile; fileRef = 2D3A63D4193781ED009F79E8 /* FMDatabaseAdditions.m */; };
		2D3A63DD193781ED009F79E8 /* FMDatabasePool.m in Sources */ = {isa = PBXBuildFile; fileRef = 2D3A63D6193781ED009F79E8 /* FMDatabasePool.m */; };
		2D3A63DE193781ED009F79E8 /* FMDatabaseQueue.m in Sources */ = {isa = PBXBuildFile; fileRef = 2D3A63D8193781ED009F79E8 /* FMDatabaseQueue.m */; };
		2D3A63DF193781ED009F79E8 /* FMResultSet.m in Sources */ = {isa = PBXBuildFile; fileRef = 2D3A63DA193781ED009F79E8 /* FMResultSet.m */; };
		2D3A63E7193BEEBA009F79E8 /* btn_close_normal.png in Resources */ = {isa = PBXBuildFile; fileRef = 2D3A63E1193BEEBA009F79E8 /* btn_close_normal.png */; };
		2D3A63E8193BEEBA009F79E8 /* btn_close_normal@2x.png in Resources */ = {isa = PBXBuildFile; fileRef = 2D3A63E2193BEEBA009F79E8 /* btn_close_normal@2x.png */; };
		2D3A63E9193BEEBA009F79E8 /* btn_close_selected.png in Resources */ = {isa = PBXBuildFile; fileRef = 2D3A63E3193BEEBA009F79E8 /* btn_close_selected.png */; };
		2D3A63EA193BEEBA009F79E8 /* btn_close_selected@2x.png in Resources */ = {isa = PBXBuildFile; fileRef = 2D3A63E4193BEEBA009F79E8 /* btn_close_selected@2x.png */; };
		2D3A63EB193BEEBA009F79E8 /* DXAlertView.m in Sources */ = {isa = PBXBuildFile; fileRef = 2D3A63E6193BEEBA009F79E8 /* DXAlertView.m */; };
		2D45878418E7B882006E240A /* clemson u.gif in Resources */ = {isa = PBXBuildFile; fileRef = 2D45878318E7B882006E240A /* clemson u.gif */; };
		2D45878A18E93566006E240A /* Anthracnose.png in Resources */ = {isa = PBXBuildFile; fileRef = 2D45878618E93566006E240A /* Anthracnose.png */; };
		2D45878B18E93566006E240A /* Gray mold.png in Resources */ = {isa = PBXBuildFile; fileRef = 2D45878718E93566006E240A /* Gray mold.png */; };
		2D45878F18E9368C006E240A /* Powdery mildew.png in Resources */ = {isa = PBXBuildFile; fileRef = 2D45878E18E9368C006E240A /* Powdery mildew.png */; };
		2D45879118EA597D006E240A /* libsqlite3.dylib in Frameworks */ = {isa = PBXBuildFile; fileRef = 2D45879018EA597D006E240A /* libsqlite3.dylib */; };
		2D45879318EC7826006E240A /* P. cactorum.png in Resources */ = {isa = PBXBuildFile; fileRef = 2D45879218EC7826006E240A /* P. cactorum.png */; };
		2D52187418CD4D03005FCC20 /* content1ViewController.m in Sources */ = {isa = PBXBuildFile; fileRef = 2D52187318CD4D03005FCC20 /* content1ViewController.m */; };
		2D52187718CD4D0C005FCC20 /* content2ViewController.m in Sources */ = {isa = PBXBuildFile; fileRef = 2D52187618CD4D0C005FCC20 /* content2ViewController.m */; };
		2D52187A18CD4D18005FCC20 /* content3ViewController.m in Sources */ = {isa = PBXBuildFile; fileRef = 2D52187918CD4D18005FCC20 /* content3ViewController.m */; };
		2D52188018CD4DF7005FCC20 /* HostViewController.m in Sources */ = {isa = PBXBuildFile; fileRef = 2D52187F18CD4DF7005FCC20 /* HostViewController.m */; };
		2D52188218CD5005005FCC20 /* strawberry.png in Resources */ = {isa = PBXBuildFile; fileRef = 2D52188118CD5005005FCC20 /* strawberry.png */; };
		2D5D71FC18D28AED0007D44C /* strawberry_d1.jpg in Resources */ = {isa = PBXBuildFile; fileRef = 2D5D71FB18D28AED0007D44C /* strawberry_d1.jpg */; };
		2D7EF4B918CD496D00318443 /* Foundation.framework in Frameworks */ = {isa = PBXBuildFile; fileRef = 2D7EF4B818CD496D00318443 /* Foundation.framework */; };
		2D7EF4BB18CD496D00318443 /* CoreGraphics.framework in Frameworks */ = {isa = PBXBuildFile; fileRef = 2D7EF4BA18CD496D00318443 /* CoreGraphics.framework */; };
		2D7EF4BD18CD496D00318443 /* UIKit.framework in Frameworks */ = {isa = PBXBuildFile; fileRef = 2D7EF4BC18CD496D00318443 /* UIKit.framework */; };
		2D7EF4C318CD496D00318443 /* InfoPlist.strings in Resources */ = {isa = PBXBuildFile; fileRef = 2D7EF4C118CD496D00318443 /* InfoPlist.strings */; };
		2D7EF4C518CD496D00318443 /* main.m in Sources */ = {isa = PBXBuildFile; fileRef = 2D7EF4C418CD496D00318443 /* main.m */; };
		2D7EF4C918CD496D00318443 /* CUAppDelegate.m in Sources */ = {isa = PBXBuildFile; fileRef = 2D7EF4C818CD496D00318443 /* CUAppDelegate.m */; };
		2D7EF4CC18CD496D00318443 /* Main.storyboard in Resources */ = {isa = PBXBuildFile; fileRef = 2D7EF4CA18CD496D00318443 /* Main.storyboard */; };
		2D7EF4D118CD496D00318443 /* Images.xcassets in Resources */ = {isa = PBXBuildFile; fileRef = 2D7EF4D018CD496D00318443 /* Images.xcassets */; };
		2D7EF4D818CD496E00318443 /* XCTest.framework in Frameworks */ = {isa = PBXBuildFile; fileRef = 2D7EF4D718CD496E00318443 /* XCTest.framework */; };
		2D7EF4D918CD496E00318443 /* Foundation.framework in Frameworks */ = {isa = PBXBuildFile; fileRef = 2D7EF4B818CD496D00318443 /* Foundation.framework */; };
		2D7EF4DA18CD496E00318443 /* UIKit.framework in Frameworks */ = {isa = PBXBuildFile; fileRef = 2D7EF4BC18CD496D00318443 /* UIKit.framework */; };
		2D7EF4E218CD496E00318443 /* InfoPlist.strings in Resources */ = {isa = PBXBuildFile; fileRef = 2D7EF4E018CD496E00318443 /* InfoPlist.strings */; };
		2D7EF4E418CD496E00318443 /* StrawberryTests.m in Sources */ = {isa = PBXBuildFile; fileRef = 2D7EF4E318CD496E00318443 /* StrawberryTests.m */; };
		2DA870091920FABF002BA040 /* mainBackground.png in Resources */ = {isa = PBXBuildFile; fileRef = 2DA86FFD1920FABF002BA040 /* mainBackground.png */; };
		2DA8700A1920FABF002BA040 /* mainBackground@2x.png in Resources */ = {isa = PBXBuildFile; fileRef = 2DA86FFE1920FABF002BA040 /* mainBackground@2x.png */; };
		2DA8700B1920FABF002BA040 /* mainSeparator.png in Resources */ = {isa = PBXBuildFile; fileRef = 2DA86FFF1920FABF002BA040 /* mainSeparator.png */; };
		2DA8700C1920FABF002BA040 /* mainSeparator@2x.png in Resources */ = {isa = PBXBuildFile; fileRef = 2DA870001920FABF002BA040 /* mainSeparator@2x.png */; };
		2DA8700D1920FABF002BA040 /* submenuBackground.png in Resources */ = {isa = PBXBuildFile; fileRef = 2DA870011920FABF002BA040 /* submenuBackground.png */; };
		2DA8700E1920FABF002BA040 /* submenuBackground@2x.png in Resources */ = {isa = PBXBuildFile; fileRef = 2DA870021920FABF002BA040 /* submenuBackground@2x.png */; };
		2DA8700F1920FABF002BA040 /* submenuSeparator.png in Resources */ = {isa = PBXBuildFile; fileRef = 2DA870031920FABF002BA040 /* submenuSeparator.png */; };
		2DA870101920FABF002BA040 /* submenuSeparator@2x.png in Resources */ = {isa = PBXBuildFile; fileRef = 2DA870041920FABF002BA040 /* submenuSeparator@2x.png */; };
		2DA870111920FABF002BA040 /* RTFlyoutItem.m in Sources */ = {isa = PBXBuildFile; fileRef = 2DA870061920FABF002BA040 /* RTFlyoutItem.m */; };
		2DA870121920FABF002BA040 /* RTFlyoutMenu.m in Sources */ = {isa = PBXBuildFile; fileRef = 2DA870081920FABF002BA040 /* RTFlyoutMenu.m */; };
		2DA870301925CA5E002BA040 /* ViewPagerController.m in Sources */ = {isa = PBXBuildFile; fileRef = 2DA8702F1925CA5E002BA040 /* ViewPagerController.m */; };
		2DA870391925D5D7002BA040 /* REDActionSheet.m in Sources */ = {isa = PBXBuildFile; fileRef = 2DA870361925D5D7002BA040 /* REDActionSheet.m */; };
		2DA8703A1925D5D7002BA040 /* REDActionSheetButton.m in Sources */ = {isa = PBXBuildFile; fileRef = 2DA870381925D5D7002BA040 /* REDActionSheetButton.m */; };
		2DA8705A1929959B002BA040 /* UILabel+FormattedText.m in Sources */ = {isa = PBXBuildFile; fileRef = 2DA870591929959B002BA040 /* UILabel+FormattedText.m */; };
		2DA8705C1929BE52002BA040 /* iOS-7-Purple-Gradient.png in Resources */ = {isa = PBXBuildFile; fileRef = 2DA8705B1929BE52002BA040 /* iOS-7-Purple-Gradient.png */; };
		2DB6E2D918DCAFBA000936CC /* infoViewController.m in Sources */ = {isa = PBXBuildFile; fileRef = 2DB6E2D818DCAFBA000936CC /* infoViewController.m */; };
		2DB6E32818DCCB9B000936CC /* disease11ViewController.m in Sources */ = {isa = PBXBuildFile; fileRef = 2DB6E32718DCCB9B000936CC /* disease11ViewController.m */; };
		2DB6E32B18DCCBB2000936CC /* disease12ViewController.m in Sources */ = {isa = PBXBuildFile; fileRef = 2DB6E32A18DCCBB2000936CC /* disease12ViewController.m */; };
		2DECAF5118DD047200E651E6 /* HouseBlack.png in Resources */ = {isa = PBXBuildFile; fileRef = 2DECAF5018DD047200E651E6 /* HouseBlack.png */; };
		2DECAF5518DD060600E651E6 /* volume-24-512.png in Resources */ = {isa = PBXBuildFile; fileRef = 2DECAF5418DD060600E651E6 /* volume-24-512.png */; };
		2DECAF5718DD079F00E651E6 /* File - Video.png in Resources */ = {isa = PBXBuildFile; fileRef = 2DECAF5618DD079F00E651E6 /* File - Video.png */; };
		2DECAF5918DD08F500E651E6 /* f131.png in Resources */ = {isa = PBXBuildFile; fileRef = 2DECAF5818DD08F500E651E6 /* f131.png */; };
		2DECAF5B18DD0EE700E651E6 /* f142.png in Resources */ = {isa = PBXBuildFile; fileRef = 2DECAF5A18DD0EE700E651E6 /* f142.png */; };
		2DECAF6418DD114000E651E6 /* UIView+XCMultiSortTableView.m in Sources */ = {isa = PBXBuildFile; fileRef = 2DECAF5E18DD114000E651E6 /* UIView+XCMultiSortTableView.m */; };
		2DECAF6518DD114000E651E6 /* XCMultiSortTableView.m in Sources */ = {isa = PBXBuildFile; fileRef = 2DECAF6018DD114000E651E6 /* XCMultiSortTableView.m */; };
		2DECAF6618DD114000E651E6 /* XCMultiSortTableViewBGScrollView.m in Sources */ = {isa = PBXBuildFile; fileRef = 2DECAF6218DD114000E651E6 /* XCMultiSortTableViewBGScrollView.m */; };
/* End PBXBuildFile section */

/* Begin PBXContainerItemProxy section */
		2D7EF4DB18CD496E00318443 /* PBXContainerItemProxy */ = {
			isa = PBXContainerItemProxy;
			containerPortal = 2D7EF4AD18CD496D00318443 /* Project object */;
			proxyType = 1;
			remoteGlobalIDString = 2D7EF4B418CD496D00318443;
			remoteInfo = Strawberry;
		};
/* End PBXContainerItemProxy section */

/* Begin PBXFileReference section */
		2D23953218D2E42E008563EC /* CXAlertBackgroundWindow.h */ = {isa = PBXFileReference; fileEncoding = 4; lastKnownFileType = sourcecode.c.h; path = CXAlertBackgroundWindow.h; sourceTree = "<group>"; };
		2D23953318D2E42E008563EC /* CXAlertBackgroundWindow.m */ = {isa = PBXFileReference; fileEncoding = 4; lastKnownFileType = sourcecode.c.objc; path = CXAlertBackgroundWindow.m; sourceTree = "<group>"; };
		2D23953418D2E42E008563EC /* CXAlertButtonContainerView.h */ = {isa = PBXFileReference; fileEncoding = 4; lastKnownFileType = sourcecode.c.h; path = CXAlertButtonContainerView.h; sourceTree = "<group>"; };
		2D23953518D2E42E008563EC /* CXAlertButtonContainerView.m */ = {isa = PBXFileReference; fileEncoding = 4; lastKnownFileType = sourcecode.c.objc; path = CXAlertButtonContainerView.m; sourceTree = "<group>"; };
		2D23953618D2E42E008563EC /* CXAlertButtonItem.h */ = {isa = PBXFileReference; fileEncoding = 4; lastKnownFileType = sourcecode.c.h; path = CXAlertButtonItem.h; sourceTree = "<group>"; };
		2D23953718D2E42E008563EC /* CXAlertButtonItem.m */ = {isa = PBXFileReference; fileEncoding = 4; lastKnownFileType = sourcecode.c.objc; path = CXAlertButtonItem.m; sourceTree = "<group>"; };
		2D23953818D2E42E008563EC /* CXAlertView.h */ = {isa = PBXFileReference; fileEncoding = 4; lastKnownFileType = sourcecode.c.h; path = CXAlertView.h; sourceTree = "<group>"; };
		2D23953918D2E42E008563EC /* CXAlertView.m */ = {isa = PBXFileReference; fileEncoding = 4; lastKnownFileType = sourcecode.c.objc; path = CXAlertView.m; sourceTree = "<group>"; };
		2D23953A18D2E42E008563EC /* CXAlertViewController.h */ = {isa = PBXFileReference; fileEncoding = 4; lastKnownFileType = sourcecode.c.h; path = CXAlertViewController.h; sourceTree = "<group>"; };
		2D23953B18D2E42E008563EC /* CXAlertViewController.m */ = {isa = PBXFileReference; fileEncoding = 4; lastKnownFileType = sourcecode.c.objc; path = CXAlertViewController.m; sourceTree = "<group>"; };
		2D23953C18D2E42E008563EC /* LFDisplayBridge.h */ = {isa = PBXFileReference; fileEncoding = 4; lastKnownFileType = sourcecode.c.h; path = LFDisplayBridge.h; sourceTree = "<group>"; };
		2D23953D18D2E42E008563EC /* LFDisplayBridge.m */ = {isa = PBXFileReference; fileEncoding = 4; lastKnownFileType = sourcecode.c.objc; path = LFDisplayBridge.m; sourceTree = "<group>"; };
		2D23953E18D2E42E008563EC /* LFGlassView.h */ = {isa = PBXFileReference; fileEncoding = 4; lastKnownFileType = sourcecode.c.h; path = LFGlassView.h; sourceTree = "<group>"; };
		2D23953F18D2E42E008563EC /* LFGlassView.m */ = {isa = PBXFileReference; fileEncoding = 4; lastKnownFileType = sourcecode.c.objc; path = LFGlassView.m; sourceTree = "<group>"; };
		2D23954018D2E42E008563EC /* LiveFrost.h */ = {isa = PBXFileReference; fileEncoding = 4; lastKnownFileType = sourcecode.c.h; path = LiveFrost.h; sourceTree = "<group>"; };
		2D23954818D2E77F008563EC /* peach.png */ = {isa = PBXFileReference; lastKnownFileType = image.png; path = peach.png; sourceTree = "<group>"; };
		2D3A63B7192E7341009F79E8 /* URBMediaFocusViewController.h */ = {isa = PBXFileReference; fileEncoding = 4; lastKnownFileType = sourcecode.c.h; path = URBMediaFocusViewController.h; sourceTree = "<group>"; };
		2D3A63B8192E7341009F79E8 /* URBMediaFocusViewController.m */ = {isa = PBXFileReference; fileEncoding = 4; lastKnownFileType = sourcecode.c.objc; path = URBMediaFocusViewController.m; sourceTree = "<group>"; };
		2D3A63BA192E7361009F79E8 /* pics1ViewController.h */ = {isa = PBXFileReference; fileEncoding = 4; lastKnownFileType = sourcecode.c.h; name = pics1ViewController.h; path = strawberry/pics1ViewController.h; sourceTree = SOURCE_ROOT; };
		2D3A63BB192E7361009F79E8 /* pics1ViewController.m */ = {isa = PBXFileReference; fileEncoding = 4; lastKnownFileType = sourcecode.c.objc; name = pics1ViewController.m; path = strawberry/pics1ViewController.m; sourceTree = SOURCE_ROOT; };
		2D3A63BD192EC622009F79E8 /* homeViewController.h */ = {isa = PBXFileReference; fileEncoding = 4; lastKnownFileType = sourcecode.c.h; name = homeViewController.h; path = strawberry/homeViewController.h; sourceTree = SOURCE_ROOT; };
		2D3A63BE192EC622009F79E8 /* homeViewController.m */ = {isa = PBXFileReference; fileEncoding = 4; lastKnownFileType = sourcecode.c.objc; name = homeViewController.m; path = strawberry/homeViewController.m; sourceTree = SOURCE_ROOT; };
		2D3A63C0192F718F009F79E8 /* Message-icon-grey.png */ = {isa = PBXFileReference; lastKnownFileType = image.png; path = "Message-icon-grey.png"; sourceTree = "<group>"; };
		2D3A63C2192F7226009F79E8 /* Chat.png */ = {isa = PBXFileReference; lastKnownFileType = image.png; path = Chat.png; sourceTree = "<group>"; };
		2D3A63C6192F72EE009F79E8 /* instant_message.png */ = {isa = PBXFileReference; lastKnownFileType = image.png; path = instant_message.png; sourceTree = "<group>"; };
		2D3A63C8192F7376009F79E8 /* headphone-8.png */ = {isa = PBXFileReference; lastKnownFileType = image.png; path = "headphone-8.png"; sourceTree = "<group>"; };
		2D3A63CA192F73FE009F79E8 /* home1.png */ = {isa = PBXFileReference; lastKnownFileType = image.png; path = home1.png; sourceTree = "<group>"; };
		2D3A63CC192F742D009F79E8 /* home.png */ = {isa = PBXFileReference; lastKnownFileType = image.png; path = home.png; sourceTree = "<group>"; };
		2D3A63CE192F7483009F79E8 /* home_1-512.png */ = {isa = PBXFileReference; lastKnownFileType = image.png; path = "home_1-512.png"; sourceTree = "<group>"; };
		2D3A63D1193781ED009F79E8 /* FMDatabase.h */ = {isa = PBXFileReference; fileEncoding = 4; lastKnownFileType = sourcecode.c.h; path = FMDatabase.h; sourceTree = "<group>"; };
		2D3A63D2193781ED009F79E8 /* FMDatabase.m */ = {isa = PBXFileReference; fileEncoding = 4; lastKnownFileType = sourcecode.c.objc; path = FMDatabase.m; sourceTree = "<group>"; };
		2D3A63D3193781ED009F79E8 /* FMDatabaseAdditions.h */ = {isa = PBXFileReference; fileEncoding = 4; lastKnownFileType = sourcecode.c.h; path = FMDatabaseAdditions.h; sourceTree = "<group>"; };
		2D3A63D4193781ED009F79E8 /* FMDatabaseAdditions.m */ = {isa = PBXFileReference; fileEncoding = 4; lastKnownFileType = sourcecode.c.objc; path = FMDatabaseAdditions.m; sourceTree = "<group>"; };
		2D3A63D5193781ED009F79E8 /* FMDatabasePool.h */ = {isa = PBXFileReference; fileEncoding = 4; lastKnownFileType = sourcecode.c.h; path = FMDatabasePool.h; sourceTree = "<group>"; };
		2D3A63D6193781ED009F79E8 /* FMDatabasePool.m */ = {isa = PBXFileReference; fileEncoding = 4; lastKnownFileType = sourcecode.c.objc; path = FMDatabasePool.m; sourceTree = "<group>"; };
		2D3A63D7193781ED009F79E8 /* FMDatabaseQueue.h */ = {isa = PBXFileReference; fileEncoding = 4; lastKnownFileType = sourcecode.c.h; path = FMDatabaseQueue.h; sourceTree = "<group>"; };
		2D3A63D8193781ED009F79E8 /* FMDatabaseQueue.m */ = {isa = PBXFileReference; fileEncoding = 4; lastKnownFileType = sourcecode.c.objc; path = FMDatabaseQueue.m; sourceTree = "<group>"; };
		2D3A63D9193781ED009F79E8 /* FMResultSet.h */ = {isa = PBXFileReference; fileEncoding = 4; lastKnownFileType = sourcecode.c.h; path = FMResultSet.h; sourceTree = "<group>"; };
		2D3A63DA193781ED009F79E8 /* FMResultSet.m */ = {isa = PBXFileReference; fileEncoding = 4; lastKnownFileType = sourcecode.c.objc; path = FMResultSet.m; sourceTree = "<group>"; };
		2D3A63E1193BEEBA009F79E8 /* btn_close_normal.png */ = {isa = PBXFileReference; lastKnownFileType = image.png; path = btn_close_normal.png; sourceTree = "<group>"; };
		2D3A63E2193BEEBA009F79E8 /* btn_close_normal@2x.png */ = {isa = PBXFileReference; lastKnownFileType = image.png; path = "btn_close_normal@2x.png"; sourceTree = "<group>"; };
		2D3A63E3193BEEBA009F79E8 /* btn_close_selected.png */ = {isa = PBXFileReference; lastKnownFileType = image.png; path = btn_close_selected.png; sourceTree = "<group>"; };
		2D3A63E4193BEEBA009F79E8 /* btn_close_selected@2x.png */ = {isa = PBXFileReference; lastKnownFileType = image.png; path = "btn_close_selected@2x.png"; sourceTree = "<group>"; };
		2D3A63E5193BEEBA009F79E8 /* DXAlertView.h */ = {isa = PBXFileReference; fileEncoding = 4; lastKnownFileType = sourcecode.c.h; path = DXAlertView.h; sourceTree = "<group>"; };
		2D3A63E6193BEEBA009F79E8 /* DXAlertView.m */ = {isa = PBXFileReference; fileEncoding = 4; lastKnownFileType = sourcecode.c.objc; path = DXAlertView.m; sourceTree = "<group>"; };
		2D45878318E7B882006E240A /* clemson u.gif */ = {isa = PBXFileReference; lastKnownFileType = image.gif; path = "clemson u.gif"; sourceTree = "<group>"; };
		2D45878618E93566006E240A /* Anthracnose.png */ = {isa = PBXFileReference; lastKnownFileType = image.png; path = Anthracnose.png; sourceTree = "<group>"; };
		2D45878718E93566006E240A /* Gray mold.png */ = {isa = PBXFileReference; lastKnownFileType = image.png; path = "Gray mold.png"; sourceTree = "<group>"; };
		2D45878E18E9368C006E240A /* Powdery mildew.png */ = {isa = PBXFileReference; lastKnownFileType = image.png; path = "Powdery mildew.png"; sourceTree = "<group>"; };
		2D45879018EA597D006E240A /* libsqlite3.dylib */ = {isa = PBXFileReference; lastKnownFileType = "compiled.mach-o.dylib"; name = libsqlite3.dylib; path = usr/lib/libsqlite3.dylib; sourceTree = SDKROOT; };
		2D45879218EC7826006E240A /* P. cactorum.png */ = {isa = PBXFileReference; lastKnownFileType = image.png; path = "P. cactorum.png"; sourceTree = "<group>"; };
		2D52187218CD4D03005FCC20 /* content1ViewController.h */ = {isa = PBXFileReference; fileEncoding = 4; lastKnownFileType = sourcecode.c.h; path = content1ViewController.h; sourceTree = "<group>"; };
		2D52187318CD4D03005FCC20 /* content1ViewController.m */ = {isa = PBXFileReference; fileEncoding = 4; lastKnownFileType = sourcecode.c.objc; path = content1ViewController.m; sourceTree = "<group>"; wrapsLines = 0; };
		2D52187518CD4D0C005FCC20 /* content2ViewController.h */ = {isa = PBXFileReference; fileEncoding = 4; lastKnownFileType = sourcecode.c.h; path = content2ViewController.h; sourceTree = "<group>"; };
		2D52187618CD4D0C005FCC20 /* content2ViewController.m */ = {isa = PBXFileReference; fileEncoding = 4; lastKnownFileType = sourcecode.c.objc; path = content2ViewController.m; sourceTree = "<group>"; };
		2D52187818CD4D18005FCC20 /* content3ViewController.h */ = {isa = PBXFileReference; fileEncoding = 4; lastKnownFileType = sourcecode.c.h; path = content3ViewController.h; sourceTree = "<group>"; };
		2D52187918CD4D18005FCC20 /* content3ViewController.m */ = {isa = PBXFileReference; fileEncoding = 4; lastKnownFileType = sourcecode.c.objc; path = content3ViewController.m; sourceTree = "<group>"; };
		2D52187E18CD4DF7005FCC20 /* HostViewController.h */ = {isa = PBXFileReference; fileEncoding = 4; lastKnownFileType = sourcecode.c.h; name = HostViewController.h; path = ../HostViewController.h; sourceTree = "<group>"; };
		2D52187F18CD4DF7005FCC20 /* HostViewController.m */ = {isa = PBXFileReference; fileEncoding = 4; lastKnownFileType = sourcecode.c.objc; name = HostViewController.m; path = ../HostViewController.m; sourceTree = "<group>"; };
		2D52188118CD5005005FCC20 /* strawberry.png */ = {isa = PBXFileReference; lastKnownFileType = image.png; path = strawberry.png; sourceTree = "<group>"; };
		2D5D71FB18D28AED0007D44C /* strawberry_d1.jpg */ = {isa = PBXFileReference; lastKnownFileType = image.jpeg; path = strawberry_d1.jpg; sourceTree = "<group>"; };
		2D7EF4B518CD496D00318443 /* Strawberry.app */ = {isa = PBXFileReference; explicitFileType = wrapper.application; includeInIndex = 0; path = Strawberry.app; sourceTree = BUILT_PRODUCTS_DIR; };
		2D7EF4B818CD496D00318443 /* Foundation.framework */ = {isa = PBXFileReference; lastKnownFileType = wrapper.framework; name = Foundation.framework; path = System/Library/Frameworks/Foundation.framework; sourceTree = SDKROOT; };
		2D7EF4BA18CD496D00318443 /* CoreGraphics.framework */ = {isa = PBXFileReference; lastKnownFileType = wrapper.framework; name = CoreGraphics.framework; path = System/Library/Frameworks/CoreGraphics.framework; sourceTree = SDKROOT; };
		2D7EF4BC18CD496D00318443 /* UIKit.framework */ = {isa = PBXFileReference; lastKnownFileType = wrapper.framework; name = UIKit.framework; path = System/Library/Frameworks/UIKit.framework; sourceTree = SDKROOT; };
		2D7EF4C018CD496D00318443 /* Strawberry-Info.plist */ = {isa = PBXFileReference; lastKnownFileType = text.plist.xml; path = "Strawberry-Info.plist"; sourceTree = "<group>"; };
		2D7EF4C218CD496D00318443 /* en */ = {isa = PBXFileReference; lastKnownFileType = text.plist.strings; name = en; path = en.lproj/InfoPlist.strings; sourceTree = "<group>"; };
		2D7EF4C418CD496D00318443 /* main.m */ = {isa = PBXFileReference; lastKnownFileType = sourcecode.c.objc; path = main.m; sourceTree = "<group>"; };
		2D7EF4C618CD496D00318443 /* Strawberry-Prefix.pch */ = {isa = PBXFileReference; lastKnownFileType = sourcecode.c.h; path = "Strawberry-Prefix.pch"; sourceTree = "<group>"; };
		2D7EF4C718CD496D00318443 /* CUAppDelegate.h */ = {isa = PBXFileReference; lastKnownFileType = sourcecode.c.h; path = CUAppDelegate.h; sourceTree = "<group>"; };
		2D7EF4C818CD496D00318443 /* CUAppDelegate.m */ = {isa = PBXFileReference; lastKnownFileType = sourcecode.c.objc; path = CUAppDelegate.m; sourceTree = "<group>"; };
		2D7EF4CB18CD496D00318443 /* Base */ = {isa = PBXFileReference; lastKnownFileType = file.storyboard; name = Base; path = Base.lproj/Main.storyboard; sourceTree = "<group>"; };
		2D7EF4D018CD496D00318443 /* Images.xcassets */ = {isa = PBXFileReference; lastKnownFileType = folder.assetcatalog; path = Images.xcassets; sourceTree = "<group>"; };
		2D7EF4D618CD496E00318443 /* StrawberryTests.xctest */ = {isa = PBXFileReference; explicitFileType = wrapper.cfbundle; includeInIndex = 0; path = StrawberryTests.xctest; sourceTree = BUILT_PRODUCTS_DIR; };
		2D7EF4D718CD496E00318443 /* XCTest.framework */ = {isa = PBXFileReference; lastKnownFileType = wrapper.framework; name = XCTest.framework; path = Library/Frameworks/XCTest.framework; sourceTree = DEVELOPER_DIR; };
		2D7EF4DF18CD496E00318443 /* StrawberryTests-Info.plist */ = {isa = PBXFileReference; lastKnownFileType = text.plist.xml; path = "StrawberryTests-Info.plist"; sourceTree = "<group>"; };
		2D7EF4E118CD496E00318443 /* en */ = {isa = PBXFileReference; lastKnownFileType = text.plist.strings; name = en; path = en.lproj/InfoPlist.strings; sourceTree = "<group>"; };
		2D7EF4E318CD496E00318443 /* StrawberryTests.m */ = {isa = PBXFileReference; lastKnownFileType = sourcecode.c.objc; path = StrawberryTests.m; sourceTree = "<group>"; };
		2DA86FFD1920FABF002BA040 /* mainBackground.png */ = {isa = PBXFileReference; lastKnownFileType = image.png; path = mainBackground.png; sourceTree = "<group>"; };
		2DA86FFE1920FABF002BA040 /* mainBackground@2x.png */ = {isa = PBXFileReference; lastKnownFileType = image.png; path = "mainBackground@2x.png"; sourceTree = "<group>"; };
		2DA86FFF1920FABF002BA040 /* mainSeparator.png */ = {isa = PBXFileReference; lastKnownFileType = image.png; path = mainSeparator.png; sourceTree = "<group>"; };
		2DA870001920FABF002BA040 /* mainSeparator@2x.png */ = {isa = PBXFileReference; lastKnownFileType = image.png; path = "mainSeparator@2x.png"; sourceTree = "<group>"; };
		2DA870011920FABF002BA040 /* submenuBackground.png */ = {isa = PBXFileReference; lastKnownFileType = image.png; path = submenuBackground.png; sourceTree = "<group>"; };
		2DA870021920FABF002BA040 /* submenuBackground@2x.png */ = {isa = PBXFileReference; lastKnownFileType = image.png; path = "submenuBackground@2x.png"; sourceTree = "<group>"; };
		2DA870031920FABF002BA040 /* submenuSeparator.png */ = {isa = PBXFileReference; lastKnownFileType = image.png; path = submenuSeparator.png; sourceTree = "<group>"; };
		2DA870041920FABF002BA040 /* submenuSeparator@2x.png */ = {isa = PBXFileReference; lastKnownFileType = image.png; path = "submenuSeparator@2x.png"; sourceTree = "<group>"; };
		2DA870051920FABF002BA040 /* RTFlyoutItem.h */ = {isa = PBXFileReference; fileEncoding = 4; lastKnownFileType = sourcecode.c.h; path = RTFlyoutItem.h; sourceTree = "<group>"; };
		2DA870061920FABF002BA040 /* RTFlyoutItem.m */ = {isa = PBXFileReference; fileEncoding = 4; lastKnownFileType = sourcecode.c.objc; path = RTFlyoutItem.m; sourceTree = "<group>"; };
		2DA870071920FABF002BA040 /* RTFlyoutMenu.h */ = {isa = PBXFileReference; fileEncoding = 4; lastKnownFileType = sourcecode.c.h; path = RTFlyoutMenu.h; sourceTree = "<group>"; };
		2DA870081920FABF002BA040 /* RTFlyoutMenu.m */ = {isa = PBXFileReference; fileEncoding = 4; lastKnownFileType = sourcecode.c.objc; path = RTFlyoutMenu.m; sourceTree = "<group>"; };
		2DA8702E1925CA5E002BA040 /* ViewPagerController.h */ = {isa = PBXFileReference; fileEncoding = 4; lastKnownFileType = sourcecode.c.h; name = ViewPagerController.h; path = strawberry/ICViewPager/ViewPagerController.h; sourceTree = SOURCE_ROOT; };
		2DA8702F1925CA5E002BA040 /* ViewPagerController.m */ = {isa = PBXFileReference; fileEncoding = 4; lastKnownFileType = sourcecode.c.objc; name = ViewPagerController.m; path = strawberry/ICViewPager/ViewPagerController.m; sourceTree = SOURCE_ROOT; };
		2DA870351925D5D7002BA040 /* REDActionSheet.h */ = {isa = PBXFileReference; fileEncoding = 4; lastKnownFileType = sourcecode.c.h; path = REDActionSheet.h; sourceTree = "<group>"; };
		2DA870361925D5D7002BA040 /* REDActionSheet.m */ = {isa = PBXFileReference; fileEncoding = 4; lastKnownFileType = sourcecode.c.objc; path = REDActionSheet.m; sourceTree = "<group>"; };
		2DA870371925D5D7002BA040 /* REDActionSheetButton.h */ = {isa = PBXFileReference; fileEncoding = 4; lastKnownFileType = sourcecode.c.h; path = REDActionSheetButton.h; sourceTree = "<group>"; };
		2DA870381925D5D7002BA040 /* REDActionSheetButton.m */ = {isa = PBXFileReference; fileEncoding = 4; lastKnownFileType = sourcecode.c.objc; path = REDActionSheetButton.m; sourceTree = "<group>"; };
		2DA870581929959B002BA040 /* UILabel+FormattedText.h */ = {isa = PBXFileReference; fileEncoding = 4; lastKnownFileType = sourcecode.c.h; path = "UILabel+FormattedText.h"; sourceTree = "<group>"; };
		2DA870591929959B002BA040 /* UILabel+FormattedText.m */ = {isa = PBXFileReference; fileEncoding = 4; lastKnownFileType = sourcecode.c.objc; path = "UILabel+FormattedText.m"; sourceTree = "<group>"; };
		2DA8705B1929BE52002BA040 /* iOS-7-Purple-Gradient.png */ = {isa = PBXFileReference; lastKnownFileType = image.png; path = "iOS-7-Purple-Gradient.png"; sourceTree = "<group>"; };
		2DB6E2D718DCAFBA000936CC /* infoViewController.h */ = {isa = PBXFileReference; fileEncoding = 4; lastKnownFileType = sourcecode.c.h; name = infoViewController.h; path = strawberry/infoViewController.h; sourceTree = SOURCE_ROOT; };
		2DB6E2D818DCAFBA000936CC /* infoViewController.m */ = {isa = PBXFileReference; fileEncoding = 4; lastKnownFileType = sourcecode.c.objc; name = infoViewController.m; path = strawberry/infoViewController.m; sourceTree = SOURCE_ROOT; };
		2DB6E32618DCCB9B000936CC /* disease11ViewController.h */ = {isa = PBXFileReference; fileEncoding = 4; lastKnownFileType = sourcecode.c.h; name = disease11ViewController.h; path = strawberry/disease11ViewController.h; sourceTree = SOURCE_ROOT; };
		2DB6E32718DCCB9B000936CC /* disease11ViewController.m */ = {isa = PBXFileReference; fileEncoding = 4; lastKnownFileType = sourcecode.c.objc; name = disease11ViewController.m; path = strawberry/disease11ViewController.m; sourceTree = SOURCE_ROOT; };
		2DB6E32918DCCBB2000936CC /* disease12ViewController.h */ = {isa = PBXFileReference; fileEncoding = 4; lastKnownFileType = sourcecode.c.h; name = disease12ViewController.h; path = strawberry/disease12ViewController.h; sourceTree = SOURCE_ROOT; };
		2DB6E32A18DCCBB2000936CC /* disease12ViewController.m */ = {isa = PBXFileReference; fileEncoding = 4; lastKnownFileType = sourcecode.c.objc; name = disease12ViewController.m; path = strawberry/disease12ViewController.m; sourceTree = SOURCE_ROOT; };
		2DECAF5018DD047200E651E6 /* HouseBlack.png */ = {isa = PBXFileReference; lastKnownFileType = image.png; path = HouseBlack.png; sourceTree = "<group>"; };
		2DECAF5418DD060600E651E6 /* volume-24-512.png */ = {isa = PBXFileReference; lastKnownFileType = image.png; path = "volume-24-512.png"; sourceTree = "<group>"; };
		2DECAF5618DD079F00E651E6 /* File - Video.png */ = {isa = PBXFileReference; lastKnownFileType = image.png; path = "File - Video.png"; sourceTree = "<group>"; };
		2DECAF5818DD08F500E651E6 /* f131.png */ = {isa = PBXFileReference; lastKnownFileType = image.png; path = f131.png; sourceTree = "<group>"; };
		2DECAF5A18DD0EE700E651E6 /* f142.png */ = {isa = PBXFileReference; lastKnownFileType = image.png; path = f142.png; sourceTree = "<group>"; };
		2DECAF5D18DD114000E651E6 /* UIView+XCMultiSortTableView.h */ = {isa = PBXFileReference; fileEncoding = 4; lastKnownFileType = sourcecode.c.h; path = "UIView+XCMultiSortTableView.h"; sourceTree = "<group>"; };
		2DECAF5E18DD114000E651E6 /* UIView+XCMultiSortTableView.m */ = {isa = PBXFileReference; fileEncoding = 4; lastKnownFileType = sourcecode.c.objc; path = "UIView+XCMultiSortTableView.m"; sourceTree = "<group>"; };
		2DECAF5F18DD114000E651E6 /* XCMultiSortTableView.h */ = {isa = PBXFileReference; fileEncoding = 4; lastKnownFileType = sourcecode.c.h; path = XCMultiSortTableView.h; sourceTree = "<group>"; };
		2DECAF6018DD114000E651E6 /* XCMultiSortTableView.m */ = {isa = PBXFileReference; fileEncoding = 4; lastKnownFileType = sourcecode.c.objc; path = XCMultiSortTableView.m; sourceTree = "<group>"; };
		2DECAF6118DD114000E651E6 /* XCMultiSortTableViewBGScrollView.h */ = {isa = PBXFileReference; fileEncoding = 4; lastKnownFileType = sourcecode.c.h; path = XCMultiSortTableViewBGScrollView.h; sourceTree = "<group>"; };
		2DECAF6218DD114000E651E6 /* XCMultiSortTableViewBGScrollView.m */ = {isa = PBXFileReference; fileEncoding = 4; lastKnownFileType = sourcecode.c.objc; path = XCMultiSortTableViewBGScrollView.m; sourceTree = "<group>"; };
		2DECAF6318DD114000E651E6 /* XCMultiSortTableViewDefault.h */ = {isa = PBXFileReference; fileEncoding = 4; lastKnownFileType = sourcecode.c.h; path = XCMultiSortTableViewDefault.h; sourceTree = "<group>"; };
/* End PBXFileReference section */

/* Begin PBXFrameworksBuildPhase section */
		2D7EF4B218CD496D00318443 /* Frameworks */ = {
			isa = PBXFrameworksBuildPhase;
			buildActionMask = 2147483647;
			files = (
				2D45879118EA597D006E240A /* libsqlite3.dylib in Frameworks */,
				2D7EF4BB18CD496D00318443 /* CoreGraphics.framework in Frameworks */,
				2D7EF4BD18CD496D00318443 /* UIKit.framework in Frameworks */,
				2D7EF4B918CD496D00318443 /* Foundation.framework in Frameworks */,
			);
			runOnlyForDeploymentPostprocessing = 0;
		};
		2D7EF4D318CD496E00318443 /* Frameworks */ = {
			isa = PBXFrameworksBuildPhase;
			buildActionMask = 2147483647;
			files = (
				2D7EF4D818CD496E00318443 /* XCTest.framework in Frameworks */,
				2D7EF4DA18CD496E00318443 /* UIKit.framework in Frameworks */,
				2D7EF4D918CD496E00318443 /* Foundation.framework in Frameworks */,
			);
			runOnlyForDeploymentPostprocessing = 0;
		};
/* End PBXFrameworksBuildPhase section */

/* Begin PBXGroup section */
		2D23953118D2E42E008563EC /* CXAlertView */ = {
			isa = PBXGroup;
			children = (
				2D23953218D2E42E008563EC /* CXAlertBackgroundWindow.h */,
				2D23953318D2E42E008563EC /* CXAlertBackgroundWindow.m */,
				2D23953418D2E42E008563EC /* CXAlertButtonContainerView.h */,
				2D23953518D2E42E008563EC /* CXAlertButtonContainerView.m */,
				2D23953618D2E42E008563EC /* CXAlertButtonItem.h */,
				2D23953718D2E42E008563EC /* CXAlertButtonItem.m */,
				2D23953818D2E42E008563EC /* CXAlertView.h */,
				2D23953918D2E42E008563EC /* CXAlertView.m */,
				2D23953A18D2E42E008563EC /* CXAlertViewController.h */,
				2D23953B18D2E42E008563EC /* CXAlertViewController.m */,
				2D23953C18D2E42E008563EC /* LFDisplayBridge.h */,
				2D23953D18D2E42E008563EC /* LFDisplayBridge.m */,
				2D23953E18D2E42E008563EC /* LFGlassView.h */,
				2D23953F18D2E42E008563EC /* LFGlassView.m */,
				2D23954018D2E42E008563EC /* LiveFrost.h */,
			);
			path = CXAlertView;
			sourceTree = "<group>";
		};
		2D3A63B6192E732E009F79E8 /* URBMediaFocus */ = {
			isa = PBXGroup;
			children = (
				2D3A63B7192E7341009F79E8 /* URBMediaFocusViewController.h */,
				2D3A63B8192E7341009F79E8 /* URBMediaFocusViewController.m */,
			);
			name = URBMediaFocus;
			sourceTree = "<group>";
		};
		2D3A63D0193781B5009F79E8 /* FMDB */ = {
			isa = PBXGroup;
			children = (
				2D3A63D1193781ED009F79E8 /* FMDatabase.h */,
				2D3A63D2193781ED009F79E8 /* FMDatabase.m */,
				2D3A63D3193781ED009F79E8 /* FMDatabaseAdditions.h */,
				2D3A63D4193781ED009F79E8 /* FMDatabaseAdditions.m */,
				2D3A63D5193781ED009F79E8 /* FMDatabasePool.h */,
				2D3A63D6193781ED009F79E8 /* FMDatabasePool.m */,
				2D3A63D7193781ED009F79E8 /* FMDatabaseQueue.h */,
				2D3A63D8193781ED009F79E8 /* FMDatabaseQueue.m */,
				2D3A63D9193781ED009F79E8 /* FMResultSet.h */,
				2D3A63DA193781ED009F79E8 /* FMResultSet.m */,
			);
			name = FMDB;
			sourceTree = "<group>";
		};
		2D3A63E0193BEEBA009F79E8 /* DXAlert */ = {
			isa = PBXGroup;
			children = (
				2D3A63E1193BEEBA009F79E8 /* btn_close_normal.png */,
				2D3A63E2193BEEBA009F79E8 /* btn_close_normal@2x.png */,
				2D3A63E3193BEEBA009F79E8 /* btn_close_selected.png */,
				2D3A63E4193BEEBA009F79E8 /* btn_close_selected@2x.png */,
				2D3A63E5193BEEBA009F79E8 /* DXAlertView.h */,
				2D3A63E6193BEEBA009F79E8 /* DXAlertView.m */,
			);
			path = DXAlert;
			sourceTree = "<group>";
		};
		2D45878518E93559006E240A /* disease picture */ = {
			isa = PBXGroup;
			children = (
				2DA8705B1929BE52002BA040 /* iOS-7-Purple-Gradient.png */,
				2D45878618E93566006E240A /* Anthracnose.png */,
				2D45878E18E9368C006E240A /* Powdery mildew.png */,
				2D45878718E93566006E240A /* Gray mold.png */,
				2D45879218EC7826006E240A /* P. cactorum.png */,
			);
			name = "disease picture";
			sourceTree = "<group>";
		};
		2D52186E18CD4AE1005FCC20 /* ICViewPager */ = {
			isa = PBXGroup;
			children = (
				2DA8702E1925CA5E002BA040 /* ViewPagerController.h */,
				2DA8702F1925CA5E002BA040 /* ViewPagerController.m */,
			);
			path = ICViewPager;
			sourceTree = "<group>";
		};
		2D7EF4AC18CD496D00318443 = {
			isa = PBXGroup;
			children = (
				2D7EF4BE18CD496D00318443 /* Strawberry */,
				2D7EF4DD18CD496E00318443 /* StrawberryTests */,
				2D7EF4B718CD496D00318443 /* Frameworks */,
				2D7EF4B618CD496D00318443 /* Products */,
			);
			sourceTree = "<group>";
		};
		2D7EF4B618CD496D00318443 /* Products */ = {
			isa = PBXGroup;
			children = (
				2D7EF4B518CD496D00318443 /* Strawberry.app */,
				2D7EF4D618CD496E00318443 /* StrawberryTests.xctest */,
			);
			name = Products;
			sourceTree = "<group>";
		};
		2D7EF4B718CD496D00318443 /* Frameworks */ = {
			isa = PBXGroup;
			children = (
				2D45879018EA597D006E240A /* libsqlite3.dylib */,
				2D7EF4B818CD496D00318443 /* Foundation.framework */,
				2D7EF4BA18CD496D00318443 /* CoreGraphics.framework */,
				2D7EF4BC18CD496D00318443 /* UIKit.framework */,
				2D7EF4D718CD496E00318443 /* XCTest.framework */,
			);
			name = Frameworks;
			sourceTree = "<group>";
		};
		2D7EF4BE18CD496D00318443 /* Strawberry */ = {
			isa = PBXGroup;
			children = (
				2D3A63E0193BEEBA009F79E8 /* DXAlert */,
				2D3A63D0193781B5009F79E8 /* FMDB */,
				2D3A63B6192E732E009F79E8 /* URBMediaFocus */,
				2DA870571929959B002BA040 /* FormattedUILabel */,
				2DA870341925D5D7002BA040 /* REDActionSheet */,
				2DA86FFB1920FABF002BA040 /* RTFlyoutMenu */,
				2DECAF5C18DD114000E651E6 /* XCMultiSortTableView */,
				2D23953118D2E42E008563EC /* CXAlertView */,
				2D52186E18CD4AE1005FCC20 /* ICViewPager */,
				2D7EF4C718CD496D00318443 /* CUAppDelegate.h */,
				2D7EF4C818CD496D00318443 /* CUAppDelegate.m */,
				2D7EF4CA18CD496D00318443 /* Main.storyboard */,
				2D3A63BD192EC622009F79E8 /* homeViewController.h */,
				2D3A63BE192EC622009F79E8 /* homeViewController.m */,
				2D3A63BA192E7361009F79E8 /* pics1ViewController.h */,
				2D3A63BB192E7361009F79E8 /* pics1ViewController.m */,
				2DB6E32618DCCB9B000936CC /* disease11ViewController.h */,
				2DB6E32718DCCB9B000936CC /* disease11ViewController.m */,
				2DB6E32918DCCBB2000936CC /* disease12ViewController.h */,
				2DB6E32A18DCCBB2000936CC /* disease12ViewController.m */,
				2DB6E2D718DCAFBA000936CC /* infoViewController.h */,
				2DB6E2D818DCAFBA000936CC /* infoViewController.m */,
				2D52187218CD4D03005FCC20 /* content1ViewController.h */,
				2D52187318CD4D03005FCC20 /* content1ViewController.m */,
				2D52187518CD4D0C005FCC20 /* content2ViewController.h */,
				2D52187618CD4D0C005FCC20 /* content2ViewController.m */,
				2D52187818CD4D18005FCC20 /* content3ViewController.h */,
				2D52187918CD4D18005FCC20 /* content3ViewController.m */,
				2D52187E18CD4DF7005FCC20 /* HostViewController.h */,
				2D52187F18CD4DF7005FCC20 /* HostViewController.m */,
				2D7EF4D018CD496D00318443 /* Images.xcassets */,
				2D7EF4BF18CD496D00318443 /* Supporting Files */,
			);
			path = Strawberry;
			sourceTree = "<group>";
		};
		2D7EF4BF18CD496D00318443 /* Supporting Files */ = {
			isa = PBXGroup;
			children = (
				2D45878518E93559006E240A /* disease picture */,
				2D45878318E7B882006E240A /* clemson u.gif */,
				2DECAF5018DD047200E651E6 /* HouseBlack.png */,
				2D3A63C0192F718F009F79E8 /* Message-icon-grey.png */,
				2DECAF5818DD08F500E651E6 /* f131.png */,
				2DECAF5A18DD0EE700E651E6 /* f142.png */,
				2D3A63C8192F7376009F79E8 /* headphone-8.png */,
				2D3A63C6192F72EE009F79E8 /* instant_message.png */,
				2D3A63CE192F7483009F79E8 /* home_1-512.png */,
				2D3A63C2192F7226009F79E8 /* Chat.png */,
				2D3A63CC192F742D009F79E8 /* home.png */,
				2D3A63CA192F73FE009F79E8 /* home1.png */,
				2DECAF5618DD079F00E651E6 /* File - Video.png */,
				2DECAF5418DD060600E651E6 /* volume-24-512.png */,
				2D5D71FB18D28AED0007D44C /* strawberry_d1.jpg */,
				2D23954818D2E77F008563EC /* peach.png */,
				2D52188118CD5005005FCC20 /* strawberry.png */,
				2D7EF4C018CD496D00318443 /* Strawberry-Info.plist */,
				2D7EF4C118CD496D00318443 /* InfoPlist.strings */,
				2D7EF4C418CD496D00318443 /* main.m */,
				2D7EF4C618CD496D00318443 /* Strawberry-Prefix.pch */,
			);
			name = "Supporting Files";
			sourceTree = "<group>";
		};
		2D7EF4DD18CD496E00318443 /* StrawberryTests */ = {
			isa = PBXGroup;
			children = (
				2D7EF4E318CD496E00318443 /* StrawberryTests.m */,
				2D7EF4DE18CD496E00318443 /* Supporting Files */,
			);
			path = StrawberryTests;
			sourceTree = "<group>";
		};
		2D7EF4DE18CD496E00318443 /* Supporting Files */ = {
			isa = PBXGroup;
			children = (
				2D7EF4DF18CD496E00318443 /* StrawberryTests-Info.plist */,
				2D7EF4E018CD496E00318443 /* InfoPlist.strings */,
			);
			name = "Supporting Files";
			sourceTree = "<group>";
		};
		2DA86FFB1920FABF002BA040 /* RTFlyoutMenu */ = {
			isa = PBXGroup;
			children = (
				2DA86FFC1920FABF002BA040 /* img */,
				2DA870051920FABF002BA040 /* RTFlyoutItem.h */,
				2DA870061920FABF002BA040 /* RTFlyoutItem.m */,
				2DA870071920FABF002BA040 /* RTFlyoutMenu.h */,
				2DA870081920FABF002BA040 /* RTFlyoutMenu.m */,
			);
			path = RTFlyoutMenu;
			sourceTree = "<group>";
		};
		2DA86FFC1920FABF002BA040 /* img */ = {
			isa = PBXGroup;
			children = (
				2DA86FFD1920FABF002BA040 /* mainBackground.png */,
				2DA86FFE1920FABF002BA040 /* mainBackground@2x.png */,
				2DA86FFF1920FABF002BA040 /* mainSeparator.png */,
				2DA870001920FABF002BA040 /* mainSeparator@2x.png */,
				2DA870011920FABF002BA040 /* submenuBackground.png */,
				2DA870021920FABF002BA040 /* submenuBackground@2x.png */,
				2DA870031920FABF002BA040 /* submenuSeparator.png */,
				2DA870041920FABF002BA040 /* submenuSeparator@2x.png */,
			);
			path = img;
			sourceTree = "<group>";
		};
		2DA870341925D5D7002BA040 /* REDActionSheet */ = {
			isa = PBXGroup;
			children = (
				2DA870351925D5D7002BA040 /* REDActionSheet.h */,
				2DA870361925D5D7002BA040 /* REDActionSheet.m */,
				2DA870371925D5D7002BA040 /* REDActionSheetButton.h */,
				2DA870381925D5D7002BA040 /* REDActionSheetButton.m */,
			);
			path = REDActionSheet;
			sourceTree = "<group>";
		};
		2DA870571929959B002BA040 /* FormattedUILabel */ = {
			isa = PBXGroup;
			children = (
				2DA870581929959B002BA040 /* UILabel+FormattedText.h */,
				2DA870591929959B002BA040 /* UILabel+FormattedText.m */,
			);
			path = FormattedUILabel;
			sourceTree = "<group>";
		};
		2DECAF5C18DD114000E651E6 /* XCMultiSortTableView */ = {
			isa = PBXGroup;
			children = (
				2DECAF5D18DD114000E651E6 /* UIView+XCMultiSortTableView.h */,
				2DECAF5E18DD114000E651E6 /* UIView+XCMultiSortTableView.m */,
				2DECAF5F18DD114000E651E6 /* XCMultiSortTableView.h */,
				2DECAF6018DD114000E651E6 /* XCMultiSortTableView.m */,
				2DECAF6118DD114000E651E6 /* XCMultiSortTableViewBGScrollView.h */,
				2DECAF6218DD114000E651E6 /* XCMultiSortTableViewBGScrollView.m */,
				2DECAF6318DD114000E651E6 /* XCMultiSortTableViewDefault.h */,
			);
			path = XCMultiSortTableView;
			sourceTree = "<group>";
		};
/* End PBXGroup section */

/* Begin PBXNativeTarget section */
		2D7EF4B418CD496D00318443 /* Strawberry */ = {
			isa = PBXNativeTarget;
			buildConfigurationList = 2D7EF4E718CD496E00318443 /* Build configuration list for PBXNativeTarget "Strawberry" */;
			buildPhases = (
				2D7EF4B118CD496D00318443 /* Sources */,
				2D7EF4B218CD496D00318443 /* Frameworks */,
				2D7EF4B318CD496D00318443 /* Resources */,
			);
			buildRules = (
			);
			dependencies = (
			);
			name = Strawberry;
			productName = Strawberry;
			productReference = 2D7EF4B518CD496D00318443 /* Strawberry.app */;
			productType = "com.apple.product-type.application";
		};
		2D7EF4D518CD496E00318443 /* StrawberryTests */ = {
			isa = PBXNativeTarget;
			buildConfigurationList = 2D7EF4EA18CD496E00318443 /* Build configuration list for PBXNativeTarget "StrawberryTests" */;
			buildPhases = (
				2D7EF4D218CD496E00318443 /* Sources */,
				2D7EF4D318CD496E00318443 /* Frameworks */,
				2D7EF4D418CD496E00318443 /* Resources */,
			);
			buildRules = (
			);
			dependencies = (
				2D7EF4DC18CD496E00318443 /* PBXTargetDependency */,
			);
			name = StrawberryTests;
			productName = StrawberryTests;
			productReference = 2D7EF4D618CD496E00318443 /* StrawberryTests.xctest */;
			productType = "com.apple.product-type.bundle.unit-test";
		};
/* End PBXNativeTarget section */

/* Begin PBXProject section */
		2D7EF4AD18CD496D00318443 /* Project object */ = {
			isa = PBXProject;
			attributes = {
				CLASSPREFIX = CU;
				LastUpgradeCheck = 0500;
				ORGANIZATIONNAME = "Ted Lee";
				TargetAttributes = {
					2D7EF4B418CD496D00318443 = {
						DevelopmentTeam = 94YED22Z8S;
					};
					2D7EF4D518CD496E00318443 = {
						TestTargetID = 2D7EF4B418CD496D00318443;
					};
				};
			};
			buildConfigurationList = 2D7EF4B018CD496D00318443 /* Build configuration list for PBXProject "Strawberry" */;
			compatibilityVersion = "Xcode 3.2";
			developmentRegion = English;
			hasScannedForEncodings = 0;
			knownRegions = (
				en,
				Base,
			);
			mainGroup = 2D7EF4AC18CD496D00318443;
			productRefGroup = 2D7EF4B618CD496D00318443 /* Products */;
			projectDirPath = "";
			projectRoot = "";
			targets = (
				2D7EF4B418CD496D00318443 /* Strawberry */,
				2D7EF4D518CD496E00318443 /* StrawberryTests */,
			);
		};
/* End PBXProject section */

/* Begin PBXResourcesBuildPhase section */
		2D7EF4B318CD496D00318443 /* Resources */ = {
			isa = PBXResourcesBuildPhase;
			buildActionMask = 2147483647;
			files = (
				2D3A63C3192F7226009F79E8 /* Chat.png in Resources */,
				2D3A63E8193BEEBA009F79E8 /* btn_close_normal@2x.png in Resources */,
				2DA8700D1920FABF002BA040 /* submenuBackground.png in Resources */,
				2D3A63C1192F718F009F79E8 /* Message-icon-grey.png in Resources */,
				2D7EF4D118CD496D00318443 /* Images.xcassets in Resources */,
				2D45878F18E9368C006E240A /* Powdery mildew.png in Resources */,
				2D5D71FC18D28AED0007D44C /* strawberry_d1.jpg in Resources */,
				2D3A63C9192F7376009F79E8 /* headphone-8.png in Resources */,
				2D7EF4C318CD496D00318443 /* InfoPlist.strings in Resources */,
				2D52188218CD5005005FCC20 /* strawberry.png in Resources */,
				2D3A63E7193BEEBA009F79E8 /* btn_close_normal.png in Resources */,
				2DA8700F1920FABF002BA040 /* submenuSeparator.png in Resources */,
				2DECAF5718DD079F00E651E6 /* File - Video.png in Resources */,
				2DA8705C1929BE52002BA040 /* iOS-7-Purple-Gradient.png in Resources */,
				2D45878B18E93566006E240A /* Gray mold.png in Resources */,
				2DA8700E1920FABF002BA040 /* submenuBackground@2x.png in Resources */,
				2DA8700C1920FABF002BA040 /* mainSeparator@2x.png in Resources */,
				2D45878A18E93566006E240A /* Anthracnose.png in Resources */,
				2D3A63CB192F73FE009F79E8 /* home1.png in Resources */,
				2D3A63C7192F72EE009F79E8 /* instant_message.png in Resources */,
				2DECAF5518DD060600E651E6 /* volume-24-512.png in Resources */,
				2D3A63CD192F742D009F79E8 /* home.png in Resources */,
				2DA8700B1920FABF002BA040 /* mainSeparator.png in Resources */,
				2D3A63EA193BEEBA009F79E8 /* btn_close_selected@2x.png in Resources */,
				2DECAF5918DD08F500E651E6 /* f131.png in Resources */,
				2DA870091920FABF002BA040 /* mainBackground.png in Resources */,
				2DECAF5118DD047200E651E6 /* HouseBlack.png in Resources */,
				2D7EF4CC18CD496D00318443 /* Main.storyboard in Resources */,
				2D23954918D2E77F008563EC /* peach.png in Resources */,
				2DECAF5B18DD0EE700E651E6 /* f142.png in Resources */,
				2DA870101920FABF002BA040 /* submenuSeparator@2x.png in Resources */,
				2DA8700A1920FABF002BA040 /* mainBackground@2x.png in Resources */,
				2D45879318EC7826006E240A /* P. cactorum.png in Resources */,
				2D45878418E7B882006E240A /* clemson u.gif in Resources */,
				2D3A63CF192F7483009F79E8 /* home_1-512.png in Resources */,
				2D3A63E9193BEEBA009F79E8 /* btn_close_selected.png in Resources */,
			);
			runOnlyForDeploymentPostprocessing = 0;
		};
		2D7EF4D418CD496E00318443 /* Resources */ = {
			isa = PBXResourcesBuildPhase;
			buildActionMask = 2147483647;
			files = (
				2D7EF4E218CD496E00318443 /* InfoPlist.strings in Resources */,
			);
			runOnlyForDeploymentPostprocessing = 0;
		};
/* End PBXResourcesBuildPhase section */

/* Begin PBXSourcesBuildPhase section */
		2D7EF4B118CD496D00318443 /* Sources */ = {
			isa = PBXSourcesBuildPhase;
			buildActionMask = 2147483647;
			files = (
				2D23954518D2E42E008563EC /* CXAlertViewController.m in Sources */,
				2DA8703A1925D5D7002BA040 /* REDActionSheetButton.m in Sources */,
				2DECAF6618DD114000E651E6 /* XCMultiSortTableViewBGScrollView.m in Sources */,
				2D52188018CD4DF7005FCC20 /* HostViewController.m in Sources */,
				2DB6E32B18DCCBB2000936CC /* disease12ViewController.m in Sources */,
				2D3A63EB193BEEBA009F79E8 /* DXAlertView.m in Sources */,
				2D52187A18CD4D18005FCC20 /* content3ViewController.m in Sources */,
				2DB6E32818DCCB9B000936CC /* disease11ViewController.m in Sources */,
				2D7EF4C918CD496D00318443 /* CUAppDelegate.m in Sources */,
				2D3A63DB193781ED009F79E8 /* FMDatabase.m in Sources */,
				2DA870111920FABF002BA040 /* RTFlyoutItem.m in Sources */,
				2D23954618D2E42E008563EC /* LFDisplayBridge.m in Sources */,
				2D23954318D2E42E008563EC /* CXAlertButtonItem.m in Sources */,
				2DA870121920FABF002BA040 /* RTFlyoutMenu.m in Sources */,
				2D3A63B9192E7341009F79E8 /* URBMediaFocusViewController.m in Sources */,
				2D3A63DD193781ED009F79E8 /* FMDatabasePool.m in Sources */,
				2D7EF4C518CD496D00318443 /* main.m in Sources */,
				2DB6E2D918DCAFBA000936CC /* infoViewController.m in Sources */,
				2D3A63BF192EC622009F79E8 /* homeViewController.m in Sources */,
				2D23954218D2E42E008563EC /* CXAlertButtonContainerView.m in Sources */,
				2D23954718D2E42E008563EC /* LFGlassView.m in Sources */,
				2DA8705A1929959B002BA040 /* UILabel+FormattedText.m in Sources */,
				2D52187418CD4D03005FCC20 /* content1ViewController.m in Sources */,
				2D52187718CD4D0C005FCC20 /* content2ViewController.m in Sources */,
				2D23954418D2E42E008563EC /* CXAlertView.m in Sources */,
				2D23954118D2E42E008563EC /* CXAlertBackgroundWindow.m in Sources */,
				2D3A63DE193781ED009F79E8 /* FMDatabaseQueue.m in Sources */,
				2DECAF6418DD114000E651E6 /* UIView+XCMultiSortTableView.m in Sources */,
				2DA870391925D5D7002BA040 /* REDActionSheet.m in Sources */,
				2D3A63BC192E7361009F79E8 /* pics1ViewController.m in Sources */,
				2DA870301925CA5E002BA040 /* ViewPagerController.m in Sources */,
				2D3A63DF193781ED009F79E8 /* FMResultSet.m in Sources */,
				2DECAF6518DD114000E651E6 /* XCMultiSortTableView.m in Sources */,
				2D3A63DC193781ED009F79E8 /* FMDatabaseAdditions.m in Sources */,
			);
			runOnlyForDeploymentPostprocessing = 0;
		};
		2D7EF4D218CD496E00318443 /* Sources */ = {
			isa = PBXSourcesBuildPhase;
			buildActionMask = 2147483647;
			files = (
				2D7EF4E418CD496E00318443 /* StrawberryTests.m in Sources */,
			);
			runOnlyForDeploymentPostprocessing = 0;
		};
/* End PBXSourcesBuildPhase section */

/* Begin PBXTargetDependency section */
		2D7EF4DC18CD496E00318443 /* PBXTargetDependency */ = {
			isa = PBXTargetDependency;
			target = 2D7EF4B418CD496D00318443 /* Strawberry */;
			targetProxy = 2D7EF4DB18CD496E00318443 /* PBXContainerItemProxy */;
		};
/* End PBXTargetDependency section */

/* Begin PBXVariantGroup section */
		2D7EF4C118CD496D00318443 /* InfoPlist.strings */ = {
			isa = PBXVariantGroup;
			children = (
				2D7EF4C218CD496D00318443 /* en */,
			);
			name = InfoPlist.strings;
			sourceTree = "<group>";
		};
		2D7EF4CA18CD496D00318443 /* Main.storyboard */ = {
			isa = PBXVariantGroup;
			children = (
				2D7EF4CB18CD496D00318443 /* Base */,
			);
			name = Main.storyboard;
			sourceTree = "<group>";
		};
		2D7EF4E018CD496E00318443 /* InfoPlist.strings */ = {
			isa = PBXVariantGroup;
			children = (
				2D7EF4E118CD496E00318443 /* en */,
			);
			name = InfoPlist.strings;
			sourceTree = "<group>";
		};
/* End PBXVariantGroup section */

/* Begin XCBuildConfiguration section */
		2D7EF4E518CD496E00318443 /* Debug */ = {
			isa = XCBuildConfiguration;
			buildSettings = {
				ALWAYS_SEARCH_USER_PATHS = NO;
				ARCHS = "$(ARCHS_STANDARD_INCLUDING_64_BIT)";
				CLANG_CXX_LANGUAGE_STANDARD = "gnu++0x";
				CLANG_CXX_LIBRARY = "libc++";
				CLANG_ENABLE_MODULES = YES;
				CLANG_ENABLE_OBJC_ARC = YES;
				CLANG_WARN_BOOL_CONVERSION = YES;
				CLANG_WARN_CONSTANT_CONVERSION = YES;
				CLANG_WARN_DIRECT_OBJC_ISA_USAGE = YES_ERROR;
				CLANG_WARN_EMPTY_BODY = YES;
				CLANG_WARN_ENUM_CONVERSION = YES;
				CLANG_WARN_INT_CONVERSION = YES;
				CLANG_WARN_OBJC_ROOT_CLASS = YES_ERROR;
				CLANG_WARN__DUPLICATE_METHOD_MATCH = YES;
				CODE_SIGN_IDENTITY = "";
				"CODE_SIGN_IDENTITY[sdk=iphoneos*]" = "";
				COPY_PHASE_STRIP = NO;
				GCC_C_LANGUAGE_STANDARD = gnu99;
				GCC_DYNAMIC_NO_PIC = NO;
				GCC_OPTIMIZATION_LEVEL = 0;
				GCC_PREPROCESSOR_DEFINITIONS = (
					"DEBUG=1",
					"$(inherited)",
				);
				GCC_SYMBOLS_PRIVATE_EXTERN = NO;
				GCC_WARN_64_TO_32_BIT_CONVERSION = YES;
				GCC_WARN_ABOUT_RETURN_TYPE = YES_ERROR;
				GCC_WARN_UNDECLARED_SELECTOR = YES;
				GCC_WARN_UNINITIALIZED_AUTOS = YES;
				GCC_WARN_UNUSED_FUNCTION = YES;
				GCC_WARN_UNUSED_VARIABLE = YES;
				IPHONEOS_DEPLOYMENT_TARGET = 7.0;
				ONLY_ACTIVE_ARCH = YES;
				SDKROOT = iphoneos;
			};
			name = Debug;
		};
		2D7EF4E618CD496E00318443 /* Release */ = {
			isa = XCBuildConfiguration;
			buildSettings = {
				ALWAYS_SEARCH_USER_PATHS = NO;
				ARCHS = "$(ARCHS_STANDARD_INCLUDING_64_BIT)";
				CLANG_CXX_LANGUAGE_STANDARD = "gnu++0x";
				CLANG_CXX_LIBRARY = "libc++";
				CLANG_ENABLE_MODULES = YES;
				CLANG_ENABLE_OBJC_ARC = YES;
				CLANG_WARN_BOOL_CONVERSION = YES;
				CLANG_WARN_CONSTANT_CONVERSION = YES;
				CLANG_WARN_DIRECT_OBJC_ISA_USAGE = YES_ERROR;
				CLANG_WARN_EMPTY_BODY = YES;
				CLANG_WARN_ENUM_CONVERSION = YES;
				CLANG_WARN_INT_CONVERSION = YES;
				CLANG_WARN_OBJC_ROOT_CLASS = YES_ERROR;
				CLANG_WARN__DUPLICATE_METHOD_MATCH = YES;
				CODE_SIGN_IDENTITY = "iPhone Distribution: Roy Pargas (94YED22Z8S)";
				"CODE_SIGN_IDENTITY[sdk=iphoneos*]" = "iPhone Distribution: Roy Pargas (94YED22Z8S)";
				COPY_PHASE_STRIP = YES;
				ENABLE_NS_ASSERTIONS = NO;
				GCC_C_LANGUAGE_STANDARD = gnu99;
				GCC_WARN_64_TO_32_BIT_CONVERSION = YES;
				GCC_WARN_ABOUT_RETURN_TYPE = YES_ERROR;
				GCC_WARN_UNDECLARED_SELECTOR = YES;
				GCC_WARN_UNINITIALIZED_AUTOS = YES;
				GCC_WARN_UNUSED_FUNCTION = YES;
				GCC_WARN_UNUSED_VARIABLE = YES;
				IPHONEOS_DEPLOYMENT_TARGET = 7.0;
				SDKROOT = iphoneos;
				VALIDATE_PRODUCT = YES;
			};
			name = Release;
		};
		2D7EF4E818CD496E00318443 /* Debug */ = {
			isa = XCBuildConfiguration;
			buildSettings = {
				ASSETCATALOG_COMPILER_APPICON_NAME = AppIcon;
				ASSETCATALOG_COMPILER_LAUNCHIMAGE_NAME = LaunchImage;
				CODE_SIGN_IDENTITY = "iPhone Developer";
				"CODE_SIGN_IDENTITY[sdk=iphoneos*]" = "";
				GCC_PRECOMPILE_PREFIX_HEADER = YES;
				GCC_PREFIX_HEADER = "Strawberry/Strawberry-Prefix.pch";
				INFOPLIST_FILE = "Strawberry/Strawberry-Info.plist";
				IPHONEOS_DEPLOYMENT_TARGET = 7.1;
				PRODUCT_NAME = "$(TARGET_NAME)";
				PROVISIONING_PROFILE = "";
				WRAPPER_EXTENSION = app;
			};
			name = Debug;
		};
		2D7EF4E918CD496E00318443 /* Release */ = {
			isa = XCBuildConfiguration;
			buildSettings = {
				ASSETCATALOG_COMPILER_APPICON_NAME = AppIcon;
				ASSETCATALOG_COMPILER_LAUNCHIMAGE_NAME = LaunchImage;
				CODE_SIGN_IDENTITY = "iPhone Developer";
				"CODE_SIGN_IDENTITY[sdk=*]" = "iPhone Distribution";
				GCC_PRECOMPILE_PREFIX_HEADER = YES;
				GCC_PREFIX_HEADER = "Strawberry/Strawberry-Prefix.pch";
				INFOPLIST_FILE = "Strawberry/Strawberry-Info.plist";
				IPHONEOS_DEPLOYMENT_TARGET = 7.1;
				PRODUCT_NAME = "$(TARGET_NAME)";
				PROVISIONING_PROFILE = "";
				WRAPPER_EXTENSION = app;
			};
			name = Release;
		};
		2D7EF4EB18CD496E00318443 /* Debug */ = {
			isa = XCBuildConfiguration;
			buildSettings = {
				ARCHS = "$(ARCHS_STANDARD_INCLUDING_64_BIT)";
				BUNDLE_LOADER = "$(BUILT_PRODUCTS_DIR)/Strawberry.app/Strawberry";
				FRAMEWORK_SEARCH_PATHS = (
					"$(SDKROOT)/Developer/Library/Frameworks",
					"$(inherited)",
					"$(DEVELOPER_FRAMEWORKS_DIR)",
				);
				GCC_PRECOMPILE_PREFIX_HEADER = YES;
				GCC_PREFIX_HEADER = "Strawberry/Strawberry-Prefix.pch";
				GCC_PREPROCESSOR_DEFINITIONS = (
					"DEBUG=1",
					"$(inherited)",
				);
				INFOPLIST_FILE = "StrawberryTests/StrawberryTests-Info.plist";
				PRODUCT_NAME = "$(TARGET_NAME)";
				TEST_HOST = "$(BUNDLE_LOADER)";
				WRAPPER_EXTENSION = xctest;
			};
			name = Debug;
		};
		2D7EF4EC18CD496E00318443 /* Release */ = {
			isa = XCBuildConfiguration;
			buildSettings = {
				ARCHS = "$(ARCHS_STANDARD_INCLUDING_64_BIT)";
				BUNDLE_LOADER = "$(BUILT_PRODUCTS_DIR)/Strawberry.app/Strawberry";
				FRAMEWORK_SEARCH_PATHS = (
					"$(SDKROOT)/Developer/Library/Frameworks",
					"$(inherited)",
					"$(DEVELOPER_FRAMEWORKS_DIR)",
				);
				GCC_PRECOMPILE_PREFIX_HEADER = YES;
				GCC_PREFIX_HEADER = "Strawberry/Strawberry-Prefix.pch";
				INFOPLIST_FILE = "StrawberryTests/StrawberryTests-Info.plist";
				PRODUCT_NAME = "$(TARGET_NAME)";
				TEST_HOST = "$(BUNDLE_LOADER)";
				WRAPPER_EXTENSION = xctest;
			};
			name = Release;
		};
/* End XCBuildConfiguration section */

/* Begin XCConfigurationList section */
		2D7EF4B018CD496D00318443 /* Build configuration list for PBXProject "Strawberry" */ = {
			isa = XCConfigurationList;
			buildConfigurations = (
				2D7EF4E518CD496E00318443 /* Debug */,
				2D7EF4E618CD496E00318443 /* Release */,
			);
			defaultConfigurationIsVisible = 0;
			defaultConfigurationName = Release;
		};
		2D7EF4E718CD496E00318443 /* Build configuration list for PBXNativeTarget "Strawberry" */ = {
			isa = XCConfigurationList;
			buildConfigurations = (
				2D7EF4E818CD496E00318443 /* Debug */,
				2D7EF4E918CD496E00318443 /* Release */,
			);
			defaultConfigurationIsVisible = 0;
			defaultConfigurationName = Release;
		};
		2D7EF4EA18CD496E00318443 /* Build configuration list for PBXNativeTarget "StrawberryTests" */ = {
			isa = XCConfigurationList;
			buildConfigurations = (
				2D7EF4EB18CD496E00318443 /* Debug */,
				2D7EF4EC18CD496E00318443 /* Release */,
			);
			defaultConfigurationIsVisible = 0;
			defaultConfigurationName = Release;
		};
/* End XCConfigurationList section */
	};
	rootObject = 2D7EF4AD18CD496D00318443 /* Project object */;
}
